project:
    name:
    description: The Twistlock Platform provides vulnerability management and compliance across the application lifecycle by scanning images and serverless functions to prevent security and compliance issues from progressing through the development pipeline, and continuously monitoring all registries and environments.
    maturity-level: graduated
    repoUrl: https://repo1.dso.mil/platform-one/big-bang/apps/security-tools/twistlock.git
    problemStatement: Twistlock as a BB Security Tool can help prevent security and compliance issues across the application lifecycle.
    initialMembers:
        - name: Thomas Burton
          repo1user: '@thomas.burton'
        - name: Ryan Garcia
          repo1user: '@ryan.j.garcia'
        - name: Tom Runyon
          repo1user: '@runyontr'
        - name: Micah Nagel
          repo1user: '@micah.nagel'
